{"name":"sing-lang","version":"0.1.0-alpha.1","package_hash":"d8ab15e790df4e79","sources":[{"path":"examples/div.sg","hash":"db98a10f567fa862","cost":{"bytes":45,"chars":45,"lexemes":31,"llm_tokens":31,"total":462}},{"path":"examples/dot.sg","hash":"f7a93556ca88fab9","cost":{"bytes":54,"chars":54,"lexemes":37,"llm_tokens":37,"total":552}},{"path":"examples/hello.sg","hash":"3e03db7336a6c7f6","cost":{"bytes":34,"chars":34,"lexemes":19,"llm_tokens":21,"total":312}},{"path":"examples/vec.sg","hash":"c0362363bb26c070","cost":{"bytes":63,"chars":63,"lexemes":51,"llm_tokens":51,"total":738}},{"path":"examples/web.sg","hash":"5a6a018cdcf54c67","cost":{"bytes":105,"chars":105,"lexemes":67,"llm_tokens":68,"total":1022}},{"path":"stdlib/c.sg","hash":"ab763e3f1d626f68","cost":{"bytes":22,"chars":22,"lexemes":15,"llm_tokens":15,"total":224}},{"path":"stdlib/core.sg","hash":"86b98d3d77e45247","cost":{"bytes":61,"chars":61,"lexemes":40,"llm_tokens":42,"total":618}},{"path":"stdlib/fs.sg","hash":"9d15328c76e1d8d2","cost":{"bytes":48,"chars":48,"lexemes":32,"llm_tokens":33,"total":488}},{"path":"stdlib/io.sg","hash":"4ff925beb7a30325","cost":{"bytes":39,"chars":39,"lexemes":26,"llm_tokens":26,"total":390}},{"path":"stdlib/math.sg","hash":"467bca8367ae839f","cost":{"bytes":85,"chars":85,"lexemes":56,"llm_tokens":56,"total":842}},{"path":"stdlib/mem.sg","hash":"4e3cb9212e9fccbd","cost":{"bytes":74,"chars":74,"lexemes":46,"llm_tokens":46,"total":700}},{"path":"stdlib/test.sg","hash":"5239f6186cc5510f","cost":{"bytes":37,"chars":37,"lexemes":26,"llm_tokens":26,"total":386}},{"path":"stdlib/time.sg","hash":"80897947c2ed991e","cost":{"bytes":22,"chars":22,"lexemes":11,"llm_tokens":11,"total":176}}]}